Microsoft Visual Studio Solution File, Format Version 11.00
# Visual Studio 2008

Project("{FB63A609-9C33-0E87-97D0-FD5A9E7D0126}") = "svalorzen", "Assembly-CSharp.csproj", "{408BD311-D773-1339-176E-AC9FE8551216}"
EndProject
Global
	GlobalSection(SolutionConfigurationPlatforms) = preSolution
		Debug|Any CPU = Debug|Any CPU
		Release|Any CPU = Release|Any CPU
	EndGlobalSection
	GlobalSection(ProjectConfigurationPlatforms) = postSolution
		{408BD311-D773-1339-176E-AC9FE8551216}.Debug|Any CPU.ActiveCfg = Debug|Any CPU
		{408BD311-D773-1339-176E-AC9FE8551216}.Debug|Any CPU.Build.0 = Debug|Any CPU
		{408BD311-D773-1339-176E-AC9FE8551216}.Release|Any CPU.ActiveCfg = Release|Any CPU
		{408BD311-D773-1339-176E-AC9FE8551216}.Release|Any CPU.Build.0 = Release|Any CPU
	EndGlobalSection
	GlobalSection(SolutionProperties) = preSolution
		HideSolutionNode = FALSE
	EndGlobalSection
	GlobalSection(MonoDevelopProperties) = preSolution
		StartupItem = Assembly-CSharp.csproj
	EndGlobalSection
EndGlobal
